
Microsoft Visual Studio Solution File, Format Version 12.00
# Visual Studio Version 16
VisualStudioVersion = 16.0.30804.86
MinimumVisualStudioVersion = 10.0.40219.1
Project("{FAE04EC0-301F-11D3-BF4B-00C04F79EFBC}") = "metodlar", "metodlar\metodlar.csproj", "{3905721E-FD14-4D61-BCC0-4DA3A3526BB5}"
EndProject
Project("{FAE04EC0-301F-11D3-BF4B-00C04F79EFBC}") = "matematik", "matematik\matematik.csproj", "{9BC2A2A7-71EB-4E19-9FA6-C2C81515FE30}"
EndProject
Project("{FAE04EC0-301F-11D3-BF4B-00C04F79EFBC}") = "DegerVeReferansTipler", "DegerVeReferansTipler\DegerVeReferansTipler.csproj", "{E141E178-9CCF-43CF-A0DA-12B80492A4ED}"
EndProject
Global
	GlobalSection(SolutionConfigurationPlatforms) = preSolution
		Debug|Any CPU = Debug|Any CPU
		Release|Any CPU = Release|Any CPU
	EndGlobalSection
	GlobalSection(ProjectConfigurationPlatforms) = postSolution
		{3905721E-FD14-4D61-BCC0-4DA3A3526BB5}.Debug|Any CPU.ActiveCfg = Debug|Any CPU
		{3905721E-FD14-4D61-BCC0-4DA3A3526BB5}.Debug|Any CPU.Build.0 = Debug|Any CPU
		{3905721E-FD14-4D61-BCC0-4DA3A3526BB5}.Release|Any CPU.ActiveCfg = Release|Any CPU
		{3905721E-FD14-4D61-BCC0-4DA3A3526BB5}.Release|Any CPU.Build.0 = Release|Any CPU
		{9BC2A2A7-71EB-4E19-9FA6-C2C81515FE30}.Debug|Any CPU.ActiveCfg = Debug|Any CPU
		{9BC2A2A7-71EB-4E19-9FA6-C2C81515FE30}.Debug|Any CPU.Build.0 = Debug|Any CPU
		{9BC2A2A7-71EB-4E19-9FA6-C2C81515FE30}.Release|Any CPU.ActiveCfg = Release|Any CPU
		{9BC2A2A7-71EB-4E19-9FA6-C2C81515FE30}.Release|Any CPU.Build.0 = Release|Any CPU
		{E141E178-9CCF-43CF-A0DA-12B80492A4ED}.Debug|Any CPU.ActiveCfg = Debug|Any CPU
		{E141E178-9CCF-43CF-A0DA-12B80492A4ED}.Debug|Any CPU.Build.0 = Debug|Any CPU
		{E141E178-9CCF-43CF-A0DA-12B80492A4ED}.Release|Any CPU.ActiveCfg = Release|Any CPU
		{E141E178-9CCF-43CF-A0DA-12B80492A4ED}.Release|Any CPU.Build.0 = Release|Any CPU
	EndGlobalSection
	GlobalSection(SolutionProperties) = preSolution
		HideSolutionNode = FALSE
	EndGlobalSection
	GlobalSection(ExtensibilityGlobals) = postSolution
		SolutionGuid = {3953EB1F-D9C1-483F-BE80-E806D753D54F}
	EndGlobalSection
EndGlobal
